
Microsoft Visual Studio Solution File, Format Version 12.00
# Visual Studio Express 2012 for Windows Desktop
Project("{FAE04EC0-301F-11D3-BF4B-00C04F79EFBC}") = "ResizePictures", "ResizePictures\ResizePictures.csproj", "{56DA818B-72CE-42CA-89B7-1968F5C665A3}"
EndProject
Project("{FAE04EC0-301F-11D3-BF4B-00C04F79EFBC}") = "ResizePicturesTests", "ResizePicturesTests\ResizePicturesTests.csproj", "{ACFEF52F-20AE-457E-B395-ED02E9D8F5A4}"
EndProject
Global
	GlobalSection(SolutionConfigurationPlatforms) = preSolution
		Debug|Any CPU = Debug|Any CPU
		Release|Any CPU = Release|Any CPU
	EndGlobalSection
	GlobalSection(ProjectConfigurationPlatforms) = postSolution
		{56DA818B-72CE-42CA-89B7-1968F5C665A3}.Debug|Any CPU.ActiveCfg = Debug|Any CPU
		{56DA818B-72CE-42CA-89B7-1968F5C665A3}.Debug|Any CPU.Build.0 = Debug|Any CPU
		{56DA818B-72CE-42CA-89B7-1968F5C665A3}.Release|Any CPU.ActiveCfg = Release|Any CPU
		{56DA818B-72CE-42CA-89B7-1968F5C665A3}.Release|Any CPU.Build.0 = Release|Any CPU
		{ACFEF52F-20AE-457E-B395-ED02E9D8F5A4}.Debug|Any CPU.ActiveCfg = Debug|Any CPU
		{ACFEF52F-20AE-457E-B395-ED02E9D8F5A4}.Debug|Any CPU.Build.0 = Debug|Any CPU
		{ACFEF52F-20AE-457E-B395-ED02E9D8F5A4}.Release|Any CPU.ActiveCfg = Release|Any CPU
		{ACFEF52F-20AE-457E-B395-ED02E9D8F5A4}.Release|Any CPU.Build.0 = Release|Any CPU
	EndGlobalSection
	GlobalSection(SolutionProperties) = preSolution
		HideSolutionNode = FALSE
	EndGlobalSection
EndGlobal
